// !$*UTF8*$!
{
	archiveVersion = 1;
	classes = {
	};
	objectVersion = 50;
	objects = {

/* Begin PBXBuildFile section */
		4C423A9906CEC3694A6892A1 /* Pods_Blumenau_Social.framework in Frameworks */ = {isa = PBXBuildFile; fileRef = FD4F1647CF297F9262954620 /* Pods_Blumenau_Social.framework */; };
		DB029F4822061C5D0073A4E7 /* FilterOptionsViewController.swift in Sources */ = {isa = PBXBuildFile; fileRef = DB029F4622061C5D0073A4E7 /* FilterOptionsViewController.swift */; };
		DB029F4922061C5D0073A4E7 /* FilterViewController.swift in Sources */ = {isa = PBXBuildFile; fileRef = DB029F4722061C5D0073A4E7 /* FilterViewController.swift */; };
		DB029F5222061C6D0073A4E7 /* AboutTableViewCell.swift in Sources */ = {isa = PBXBuildFile; fileRef = DB029F4A22061C6C0073A4E7 /* AboutTableViewCell.swift */; };
		DB029F5322061C6D0073A4E7 /* ActionImageCollectionViewCell.swift in Sources */ = {isa = PBXBuildFile; fileRef = DB029F4B22061C6C0073A4E7 /* ActionImageCollectionViewCell.swift */; };
		DB029F5422061C6D0073A4E7 /* InstitutionTableViewCell.swift in Sources */ = {isa = PBXBuildFile; fileRef = DB029F4C22061C6C0073A4E7 /* InstitutionTableViewCell.swift */; };
		DB029F5522061C6D0073A4E7 /* CauseCollectionViewCell.swift in Sources */ = {isa = PBXBuildFile; fileRef = DB029F4D22061C6C0073A4E7 /* CauseCollectionViewCell.swift */; };
		DB029F5622061C6D0073A4E7 /* InstitutionCollectionViewCell.swift in Sources */ = {isa = PBXBuildFile; fileRef = DB029F4E22061C6D0073A4E7 /* InstitutionCollectionViewCell.swift */; };
		DB029F5722061C6D0073A4E7 /* InstitutionXCollectionViewCell.swift in Sources */ = {isa = PBXBuildFile; fileRef = DB029F4F22061C6D0073A4E7 /* InstitutionXCollectionViewCell.swift */; };
		DB029F5822061C6D0073A4E7 /* FilterCollectionViewCell.swift in Sources */ = {isa = PBXBuildFile; fileRef = DB029F5022061C6D0073A4E7 /* FilterCollectionViewCell.swift */; };
		DB029F5922061C6D0073A4E7 /* SeeMoreCollectionViewCell.swift in Sources */ = {isa = PBXBuildFile; fileRef = DB029F5122061C6D0073A4E7 /* SeeMoreCollectionViewCell.swift */; };
		DB029F5E22061C8A0073A4E7 /* EventViewController.swift in Sources */ = {isa = PBXBuildFile; fileRef = DB029F5A22061C890073A4E7 /* EventViewController.swift */; };
		DB029F5F22061C8A0073A4E7 /* InformationViewController.swift in Sources */ = {isa = PBXBuildFile; fileRef = DB029F5B22061C890073A4E7 /* InformationViewController.swift */; };
		DB029F6022061C8A0073A4E7 /* InstitutionViewController.swift in Sources */ = {isa = PBXBuildFile; fileRef = DB029F5C22061C8A0073A4E7 /* InstitutionViewController.swift */; };
		DB029F6122061C8A0073A4E7 /* InstitutionsViewController.swift in Sources */ = {isa = PBXBuildFile; fileRef = DB029F5D22061C8A0073A4E7 /* InstitutionsViewController.swift */; };
		DB029F6422061C990073A4E7 /* InstitutionDB.swift in Sources */ = {isa = PBXBuildFile; fileRef = DB029F6222061C980073A4E7 /* InstitutionDB.swift */; };
		DB029F6522061C990073A4E7 /* FilterOptionsDB.swift in Sources */ = {isa = PBXBuildFile; fileRef = DB029F6322061C980073A4E7 /* FilterOptionsDB.swift */; };
		DB029F6A22061CA60073A4E7 /* ProfileInterestsViewController.swift in Sources */ = {isa = PBXBuildFile; fileRef = DB029F6622061CA60073A4E7 /* ProfileInterestsViewController.swift */; };
		DB029F6B22061CA60073A4E7 /* ProfileNeighborhoodSelectionViewController.swift in Sources */ = {isa = PBXBuildFile; fileRef = DB029F6722061CA60073A4E7 /* ProfileNeighborhoodSelectionViewController.swift */; };
		DB029F6C22061CA60073A4E7 /* InitialProfileViewController.swift in Sources */ = {isa = PBXBuildFile; fileRef = DB029F6822061CA60073A4E7 /* InitialProfileViewController.swift */; };
		DB029F6D22061CA60073A4E7 /* ProfileAvailabilityViewController.swift in Sources */ = {isa = PBXBuildFile; fileRef = DB029F6922061CA60073A4E7 /* ProfileAvailabilityViewController.swift */; };
		DB029F7022061CB20073A4E7 /* InstitutionRepository.swift in Sources */ = {isa = PBXBuildFile; fileRef = DB029F6E22061CB20073A4E7 /* InstitutionRepository.swift */; };
		DB029F7122061CB20073A4E7 /* FilterOptionsRepository.swift in Sources */ = {isa = PBXBuildFile; fileRef = DB029F6F22061CB20073A4E7 /* FilterOptionsRepository.swift */; };
		DB029F7622061CF90073A4E7 /* CustomLayout.swift in Sources */ = {isa = PBXBuildFile; fileRef = DB029F7222061CF90073A4E7 /* CustomLayout.swift */; };
		DB029F7722061CF90073A4E7 /* Preferences.swift in Sources */ = {isa = PBXBuildFile; fileRef = DB029F7322061CF90073A4E7 /* Preferences.swift */; };
		DB029F7822061CF90073A4E7 /* UIColor+Extension.swift in Sources */ = {isa = PBXBuildFile; fileRef = DB029F7422061CF90073A4E7 /* UIColor+Extension.swift */; };
		DB029F7922061CF90073A4E7 /* Constants.swift in Sources */ = {isa = PBXBuildFile; fileRef = DB029F7522061CF90073A4E7 /* Constants.swift */; };
		DB029F7B22061D070073A4E7 /* MatchViewController.swift in Sources */ = {isa = PBXBuildFile; fileRef = DB029F7A22061D070073A4E7 /* MatchViewController.swift */; };
		DB029F7D22073BE10073A4E7 /* UserDB.swift in Sources */ = {isa = PBXBuildFile; fileRef = DB029F7C22073BE10073A4E7 /* UserDB.swift */; };
		DB029F7F22073C780073A4E7 /* UserRepository.swift in Sources */ = {isa = PBXBuildFile; fileRef = DB029F7E22073C780073A4E7 /* UserRepository.swift */; };
		DB029F812207685B0073A4E7 /* Utils.swift in Sources */ = {isa = PBXBuildFile; fileRef = DB029F802207685B0073A4E7 /* Utils.swift */; };
		DB029F832207A3150073A4E7 /* InstitutionsDelegate.swift in Sources */ = {isa = PBXBuildFile; fileRef = DB029F822207A3150073A4E7 /* InstitutionsDelegate.swift */; };
		DB029F852207A3250073A4E7 /* InstitutionsPresenter.swift in Sources */ = {isa = PBXBuildFile; fileRef = DB029F842207A3250073A4E7 /* InstitutionsPresenter.swift */; };
		DB2A7C1521F1065F00C60B32 /* AppDelegate.swift in Sources */ = {isa = PBXBuildFile; fileRef = DB2A7C1421F1065F00C60B32 /* AppDelegate.swift */; };
		DB2A7C1C21F1065F00C60B32 /* Main.storyboard in Resources */ = {isa = PBXBuildFile; fileRef = DB2A7C1A21F1065F00C60B32 /* Main.storyboard */; };
		DB2A7C1E21F1066200C60B32 /* Assets.xcassets in Resources */ = {isa = PBXBuildFile; fileRef = DB2A7C1D21F1066200C60B32 /* Assets.xcassets */; };
		DB2A7C2121F1066200C60B32 /* LaunchScreen.storyboard in Resources */ = {isa = PBXBuildFile; fileRef = DB2A7C1F21F1066200C60B32 /* LaunchScreen.storyboard */; };
		DB2A7C2B21F115B500C60B32 /* AboutViewController.swift in Sources */ = {isa = PBXBuildFile; fileRef = DB2A7C2A21F115B500C60B32 /* AboutViewController.swift */; };
		DB2A7C3521F15C8100C60B32 /* Localizable.strings in Resources */ = {isa = PBXBuildFile; fileRef = DB2A7C3421F15C8100C60B32 /* Localizable.strings */; };
		DB373E1021FFB56900FE02E0 /* ContactViewController.swift in Sources */ = {isa = PBXBuildFile; fileRef = DB373E0F21FFB56900FE02E0 /* ContactViewController.swift */; };
		DB3BE4FB21F4EB9C00B7170F /* FullImageViewController.swift in Sources */ = {isa = PBXBuildFile; fileRef = DB3BE4FA21F4EB9C00B7170F /* FullImageViewController.swift */; };
		DB957CC821F1EF7600E195D6 /* MissionViewController.swift in Sources */ = {isa = PBXBuildFile; fileRef = DB957CC621F1EF7600E195D6 /* MissionViewController.swift */; };
		DB957CCD21F223E700E195D6 /* ActionsViewController.swift in Sources */ = {isa = PBXBuildFile; fileRef = DB957CCC21F223E700E195D6 /* ActionsViewController.swift */; };
		DBC6D71221FB1A5F00147097 /* SynchronizationService.swift in Sources */ = {isa = PBXBuildFile; fileRef = DBC6D71121FB1A5F00147097 /* SynchronizationService.swift */; };
/* End PBXBuildFile section */

/* Begin PBXFileReference section */
		020FD9E9BEE73C8D9789E8E3 /* Pods-Blumenau Social.debug.xcconfig */ = {isa = PBXFileReference; includeInIndex = 1; lastKnownFileType = text.xcconfig; name = "Pods-Blumenau Social.debug.xcconfig"; path = "Pods/Target Support Files/Pods-Blumenau Social/Pods-Blumenau Social.debug.xcconfig"; sourceTree = "<group>"; };
		86BC7FF16659C3B5E43D29EE /* Pods-Blumenau Social.release.xcconfig */ = {isa = PBXFileReference; includeInIndex = 1; lastKnownFileType = text.xcconfig; name = "Pods-Blumenau Social.release.xcconfig"; path = "Pods/Target Support Files/Pods-Blumenau Social/Pods-Blumenau Social.release.xcconfig"; sourceTree = "<group>"; };
		DB029F4622061C5D0073A4E7 /* FilterOptionsViewController.swift */ = {isa = PBXFileReference; fileEncoding = 4; lastKnownFileType = sourcecode.swift; name = FilterOptionsViewController.swift; path = "filter section/FilterOptionsViewController.swift"; sourceTree = "<group>"; };
		DB029F4722061C5D0073A4E7 /* FilterViewController.swift */ = {isa = PBXFileReference; fileEncoding = 4; lastKnownFileType = sourcecode.swift; name = FilterViewController.swift; path = "filter section/FilterViewController.swift"; sourceTree = "<group>"; };
		DB029F4A22061C6C0073A4E7 /* AboutTableViewCell.swift */ = {isa = PBXFileReference; fileEncoding = 4; lastKnownFileType = sourcecode.swift; name = AboutTableViewCell.swift; path = cells/AboutTableViewCell.swift; sourceTree = "<group>"; };
		DB029F4B22061C6C0073A4E7 /* ActionImageCollectionViewCell.swift */ = {isa = PBXFileReference; fileEncoding = 4; lastKnownFileType = sourcecode.swift; name = ActionImageCollectionViewCell.swift; path = cells/ActionImageCollectionViewCell.swift; sourceTree = "<group>"; };
		DB029F4C22061C6C0073A4E7 /* InstitutionTableViewCell.swift */ = {isa = PBXFileReference; fileEncoding = 4; lastKnownFileType = sourcecode.swift; name = InstitutionTableViewCell.swift; path = cells/InstitutionTableViewCell.swift; sourceTree = "<group>"; };
		DB029F4D22061C6C0073A4E7 /* CauseCollectionViewCell.swift */ = {isa = PBXFileReference; fileEncoding = 4; lastKnownFileType = sourcecode.swift; name = CauseCollectionViewCell.swift; path = cells/CauseCollectionViewCell.swift; sourceTree = "<group>"; };
		DB029F4E22061C6D0073A4E7 /* InstitutionCollectionViewCell.swift */ = {isa = PBXFileReference; fileEncoding = 4; lastKnownFileType = sourcecode.swift; name = InstitutionCollectionViewCell.swift; path = cells/InstitutionCollectionViewCell.swift; sourceTree = "<group>"; };
		DB029F4F22061C6D0073A4E7 /* InstitutionXCollectionViewCell.swift */ = {isa = PBXFileReference; fileEncoding = 4; lastKnownFileType = sourcecode.swift; name = InstitutionXCollectionViewCell.swift; path = cells/InstitutionXCollectionViewCell.swift; sourceTree = "<group>"; };
		DB029F5022061C6D0073A4E7 /* FilterCollectionViewCell.swift */ = {isa = PBXFileReference; fileEncoding = 4; lastKnownFileType = sourcecode.swift; name = FilterCollectionViewCell.swift; path = cells/FilterCollectionViewCell.swift; sourceTree = "<group>"; };
		DB029F5122061C6D0073A4E7 /* SeeMoreCollectionViewCell.swift */ = {isa = PBXFileReference; fileEncoding = 4; lastKnownFileType = sourcecode.swift; name = SeeMoreCollectionViewCell.swift; path = cells/SeeMoreCollectionViewCell.swift; sourceTree = "<group>"; };
		DB029F5A22061C890073A4E7 /* EventViewController.swift */ = {isa = PBXFileReference; fileEncoding = 4; lastKnownFileType = sourcecode.swift; name = EventViewController.swift; path = "institution section/EventViewController.swift"; sourceTree = "<group>"; };
		DB029F5B22061C890073A4E7 /* InformationViewController.swift */ = {isa = PBXFileReference; fileEncoding = 4; lastKnownFileType = sourcecode.swift; name = InformationViewController.swift; path = "institution section/InformationViewController.swift"; sourceTree = "<group>"; };
		DB029F5C22061C8A0073A4E7 /* InstitutionViewController.swift */ = {isa = PBXFileReference; fileEncoding = 4; lastKnownFileType = sourcecode.swift; name = InstitutionViewController.swift; path = "institution section/InstitutionViewController.swift"; sourceTree = "<group>"; };
		DB029F5D22061C8A0073A4E7 /* InstitutionsViewController.swift */ = {isa = PBXFileReference; fileEncoding = 4; lastKnownFileType = sourcecode.swift; name = InstitutionsViewController.swift; path = "institution section/InstitutionsViewController.swift"; sourceTree = "<group>"; };
		DB029F6222061C980073A4E7 /* InstitutionDB.swift */ = {isa = PBXFileReference; fileEncoding = 4; lastKnownFileType = sourcecode.swift; name = InstitutionDB.swift; path = models/InstitutionDB.swift; sourceTree = "<group>"; };
		DB029F6322061C980073A4E7 /* FilterOptionsDB.swift */ = {isa = PBXFileReference; fileEncoding = 4; lastKnownFileType = sourcecode.swift; name = FilterOptionsDB.swift; path = models/FilterOptionsDB.swift; sourceTree = "<group>"; };
		DB029F6622061CA60073A4E7 /* ProfileInterestsViewController.swift */ = {isa = PBXFileReference; fileEncoding = 4; lastKnownFileType = sourcecode.swift; name = ProfileInterestsViewController.swift; path = "profile section/ProfileInterestsViewController.swift"; sourceTree = "<group>"; };
		DB029F6722061CA60073A4E7 /* ProfileNeighborhoodSelectionViewController.swift */ = {isa = PBXFileReference; fileEncoding = 4; lastKnownFileType = sourcecode.swift; name = ProfileNeighborhoodSelectionViewController.swift; path = "profile section/ProfileNeighborhoodSelectionViewController.swift"; sourceTree = "<group>"; };
		DB029F6822061CA60073A4E7 /* InitialProfileViewController.swift */ = {isa = PBXFileReference; fileEncoding = 4; lastKnownFileType = sourcecode.swift; name = InitialProfileViewController.swift; path = "profile section/InitialProfileViewController.swift"; sourceTree = "<group>"; };
		DB029F6922061CA60073A4E7 /* ProfileAvailabilityViewController.swift */ = {isa = PBXFileReference; fileEncoding = 4; lastKnownFileType = sourcecode.swift; name = ProfileAvailabilityViewController.swift; path = "profile section/ProfileAvailabilityViewController.swift"; sourceTree = "<group>"; };
		DB029F6E22061CB20073A4E7 /* InstitutionRepository.swift */ = {isa = PBXFileReference; fileEncoding = 4; lastKnownFileType = sourcecode.swift; name = InstitutionRepository.swift; path = repository/InstitutionRepository.swift; sourceTree = "<group>"; };
		DB029F6F22061CB20073A4E7 /* FilterOptionsRepository.swift */ = {isa = PBXFileReference; fileEncoding = 4; lastKnownFileType = sourcecode.swift; name = FilterOptionsRepository.swift; path = repository/FilterOptionsRepository.swift; sourceTree = "<group>"; };
		DB029F7222061CF90073A4E7 /* CustomLayout.swift */ = {isa = PBXFileReference; fileEncoding = 4; lastKnownFileType = sourcecode.swift; name = CustomLayout.swift; path = utils/CustomLayout.swift; sourceTree = "<group>"; };
		DB029F7322061CF90073A4E7 /* Preferences.swift */ = {isa = PBXFileReference; fileEncoding = 4; lastKnownFileType = sourcecode.swift; name = Preferences.swift; path = utils/Preferences.swift; sourceTree = "<group>"; };
		DB029F7422061CF90073A4E7 /* UIColor+Extension.swift */ = {isa = PBXFileReference; fileEncoding = 4; lastKnownFileType = sourcecode.swift; name = "UIColor+Extension.swift"; path = "utils/UIColor+Extension.swift"; sourceTree = "<group>"; };
		DB029F7522061CF90073A4E7 /* Constants.swift */ = {isa = PBXFileReference; fileEncoding = 4; lastKnownFileType = sourcecode.swift; name = Constants.swift; path = utils/Constants.swift; sourceTree = "<group>"; };
		DB029F7A22061D070073A4E7 /* MatchViewController.swift */ = {isa = PBXFileReference; fileEncoding = 4; lastKnownFileType = sourcecode.swift; name = MatchViewController.swift; path = "match section/MatchViewController.swift"; sourceTree = "<group>"; };
		DB029F7C22073BE10073A4E7 /* UserDB.swift */ = {isa = PBXFileReference; lastKnownFileType = sourcecode.swift; name = UserDB.swift; path = models/UserDB.swift; sourceTree = "<group>"; };
		DB029F7E22073C780073A4E7 /* UserRepository.swift */ = {isa = PBXFileReference; lastKnownFileType = sourcecode.swift; name = UserRepository.swift; path = repository/UserRepository.swift; sourceTree = "<group>"; };
		DB029F802207685B0073A4E7 /* Utils.swift */ = {isa = PBXFileReference; lastKnownFileType = sourcecode.swift; name = Utils.swift; path = utils/Utils.swift; sourceTree = "<group>"; };
		DB029F822207A3150073A4E7 /* InstitutionsDelegate.swift */ = {isa = PBXFileReference; lastKnownFileType = sourcecode.swift; name = InstitutionsDelegate.swift; path = "institution section/InstitutionsDelegate.swift"; sourceTree = "<group>"; };
		DB029F842207A3250073A4E7 /* InstitutionsPresenter.swift */ = {isa = PBXFileReference; lastKnownFileType = sourcecode.swift; name = InstitutionsPresenter.swift; path = "institution section/InstitutionsPresenter.swift"; sourceTree = "<group>"; };
		DB2A7C1121F1065F00C60B32 /* Blumenau Social.app */ = {isa = PBXFileReference; explicitFileType = wrapper.application; includeInIndex = 0; path = "Blumenau Social.app"; sourceTree = BUILT_PRODUCTS_DIR; };
		DB2A7C1421F1065F00C60B32 /* AppDelegate.swift */ = {isa = PBXFileReference; lastKnownFileType = sourcecode.swift; path = AppDelegate.swift; sourceTree = "<group>"; };
		DB2A7C1B21F1065F00C60B32 /* Base */ = {isa = PBXFileReference; lastKnownFileType = file.storyboard; name = Base; path = Base.lproj/Main.storyboard; sourceTree = "<group>"; };
		DB2A7C1D21F1066200C60B32 /* Assets.xcassets */ = {isa = PBXFileReference; lastKnownFileType = folder.assetcatalog; path = Assets.xcassets; sourceTree = "<group>"; };
		DB2A7C2021F1066200C60B32 /* Base */ = {isa = PBXFileReference; lastKnownFileType = file.storyboard; name = Base; path = Base.lproj/LaunchScreen.storyboard; sourceTree = "<group>"; };
		DB2A7C2221F1066200C60B32 /* Info.plist */ = {isa = PBXFileReference; lastKnownFileType = text.plist.xml; path = Info.plist; sourceTree = "<group>"; };
		DB2A7C2A21F115B500C60B32 /* AboutViewController.swift */ = {isa = PBXFileReference; lastKnownFileType = sourcecode.swift; path = AboutViewController.swift; sourceTree = "<group>"; };
		DB2A7C3421F15C8100C60B32 /* Localizable.strings */ = {isa = PBXFileReference; lastKnownFileType = text.plist.strings; path = Localizable.strings; sourceTree = "<group>"; };
		DB373E0F21FFB56900FE02E0 /* ContactViewController.swift */ = {isa = PBXFileReference; lastKnownFileType = sourcecode.swift; path = ContactViewController.swift; sourceTree = "<group>"; };
		DB3BE4FA21F4EB9C00B7170F /* FullImageViewController.swift */ = {isa = PBXFileReference; lastKnownFileType = sourcecode.swift; path = FullImageViewController.swift; sourceTree = "<group>"; };
		DB957CC621F1EF7600E195D6 /* MissionViewController.swift */ = {isa = PBXFileReference; lastKnownFileType = sourcecode.swift; path = MissionViewController.swift; sourceTree = "<group>"; };
		DB957CCC21F223E700E195D6 /* ActionsViewController.swift */ = {isa = PBXFileReference; lastKnownFileType = sourcecode.swift; path = ActionsViewController.swift; sourceTree = "<group>"; };
		DBC6D71121FB1A5F00147097 /* SynchronizationService.swift */ = {isa = PBXFileReference; lastKnownFileType = sourcecode.swift; path = SynchronizationService.swift; sourceTree = "<group>"; };
		FD4F1647CF297F9262954620 /* Pods_Blumenau_Social.framework */ = {isa = PBXFileReference; explicitFileType = wrapper.framework; includeInIndex = 0; path = Pods_Blumenau_Social.framework; sourceTree = BUILT_PRODUCTS_DIR; };
/* End PBXFileReference section */

/* Begin PBXFrameworksBuildPhase section */
		DB2A7C0E21F1065F00C60B32 /* Frameworks */ = {
			isa = PBXFrameworksBuildPhase;
			buildActionMask = 2147483647;
			files = (
				4C423A9906CEC3694A6892A1 /* Pods_Blumenau_Social.framework in Frameworks */,
			);
			runOnlyForDeploymentPostprocessing = 0;
		};
/* End PBXFrameworksBuildPhase section */

/* Begin PBXGroup section */
		3B4CF6F033581708D07D1C8B /* Frameworks */ = {
			isa = PBXGroup;
			children = (
				FD4F1647CF297F9262954620 /* Pods_Blumenau_Social.framework */,
			);
			name = Frameworks;
			sourceTree = "<group>";
		};
		DB19D04421F4B3D2004E835E /* profile section */ = {
			isa = PBXGroup;
			children = (
				DB029F6822061CA60073A4E7 /* InitialProfileViewController.swift */,
				DB029F6922061CA60073A4E7 /* ProfileAvailabilityViewController.swift */,
				DB029F6622061CA60073A4E7 /* ProfileInterestsViewController.swift */,
				DB029F6722061CA60073A4E7 /* ProfileNeighborhoodSelectionViewController.swift */,
			);
			name = "profile section";
			sourceTree = "<group>";
		};
		DB2A7C0821F1065F00C60B32 = {
			isa = PBXGroup;
			children = (
				DB2A7C1321F1065F00C60B32 /* Blumenau Social */,
				DB2A7C1221F1065F00C60B32 /* Products */,
				DCA1837B7B6C1829D2B27F71 /* Pods */,
				3B4CF6F033581708D07D1C8B /* Frameworks */,
			);
			sourceTree = "<group>";
		};
		DB2A7C1221F1065F00C60B32 /* Products */ = {
			isa = PBXGroup;
			children = (
				DB2A7C1121F1065F00C60B32 /* Blumenau Social.app */,
			);
			name = Products;
			sourceTree = "<group>";
		};
		DB2A7C1321F1065F00C60B32 /* Blumenau Social */ = {
			isa = PBXGroup;
			children = (
				DB8EAB3921F3D0AF00E27F8D /* about section */,
				DB8EAB3521F3D03A00E27F8D /* cells */,
				DB8EAB3221F3B40900E27F8D /* filter section */,
				DB8EAB3A21F3D0D700E27F8D /* institution section */,
				DB8EAB3821F3D08F00E27F8D /* internals */,
				DB8EAB3B21F3D0EC00E27F8D /* match section */,
				DB8EAB3321F3D02500E27F8D /* models */,
				DB19D04421F4B3D2004E835E /* profile section */,
				DB8EAB3421F3D03100E27F8D /* repositories */,
				DBC6D71521FB38B200147097 /* synchronization */,
				DB8EAB3621F3D05400E27F8D /* utils */,
				DB8EAB3721F3D06E00E27F8D /* views */,
			);
			path = "Blumenau Social";
			sourceTree = "<group>";
		};
		DB8EAB3221F3B40900E27F8D /* filter section */ = {
			isa = PBXGroup;
			children = (
				DB029F4622061C5D0073A4E7 /* FilterOptionsViewController.swift */,
				DB029F4722061C5D0073A4E7 /* FilterViewController.swift */,
			);
			name = "filter section";
			sourceTree = "<group>";
		};
		DB8EAB3321F3D02500E27F8D /* models */ = {
			isa = PBXGroup;
			children = (
				DB029F6322061C980073A4E7 /* FilterOptionsDB.swift */,
				DB029F6222061C980073A4E7 /* InstitutionDB.swift */,
				DB029F7C22073BE10073A4E7 /* UserDB.swift */,
			);
			name = models;
			sourceTree = "<group>";
		};
		DB8EAB3421F3D03100E27F8D /* repositories */ = {
			isa = PBXGroup;
			children = (
				DB029F6F22061CB20073A4E7 /* FilterOptionsRepository.swift */,
				DB029F6E22061CB20073A4E7 /* InstitutionRepository.swift */,
				DB029F7E22073C780073A4E7 /* UserRepository.swift */,
			);
			name = repositories;
			sourceTree = "<group>";
		};
		DB8EAB3521F3D03A00E27F8D /* cells */ = {
			isa = PBXGroup;
			children = (
				DB029F4A22061C6C0073A4E7 /* AboutTableViewCell.swift */,
				DB029F4B22061C6C0073A4E7 /* ActionImageCollectionViewCell.swift */,
				DB029F4D22061C6C0073A4E7 /* CauseCollectionViewCell.swift */,
				DB029F5022061C6D0073A4E7 /* FilterCollectionViewCell.swift */,
				DB029F4E22061C6D0073A4E7 /* InstitutionCollectionViewCell.swift */,
				DB029F4C22061C6C0073A4E7 /* InstitutionTableViewCell.swift */,
				DB029F4F22061C6D0073A4E7 /* InstitutionXCollectionViewCell.swift */,
				DB029F5122061C6D0073A4E7 /* SeeMoreCollectionViewCell.swift */,
			);
			name = cells;
			sourceTree = "<group>";
		};
		DB8EAB3621F3D05400E27F8D /* utils */ = {
			isa = PBXGroup;
			children = (
				DB029F7522061CF90073A4E7 /* Constants.swift */,
				DB029F7222061CF90073A4E7 /* CustomLayout.swift */,
				DB029F7322061CF90073A4E7 /* Preferences.swift */,
				DB029F7422061CF90073A4E7 /* UIColor+Extension.swift */,
				DB029F802207685B0073A4E7 /* Utils.swift */,
			);
			name = utils;
			sourceTree = "<group>";
		};
		DB8EAB3721F3D06E00E27F8D /* views */ = {
			isa = PBXGroup;
			children = (
				DB2A7C1F21F1066200C60B32 /* LaunchScreen.storyboard */,
				DB2A7C1A21F1065F00C60B32 /* Main.storyboard */,
			);
			name = views;
			sourceTree = "<group>";
		};
		DB8EAB3821F3D08F00E27F8D /* internals */ = {
			isa = PBXGroup;
			children = (
				DB2A7C1421F1065F00C60B32 /* AppDelegate.swift */,
				DB2A7C2221F1066200C60B32 /* Info.plist */,
				DB2A7C3421F15C8100C60B32 /* Localizable.strings */,
				DB2A7C1D21F1066200C60B32 /* Assets.xcassets */,
			);
			name = internals;
			sourceTree = "<group>";
		};
		DB8EAB3921F3D0AF00E27F8D /* about section */ = {
			isa = PBXGroup;
			children = (
				DB2A7C2A21F115B500C60B32 /* AboutViewController.swift */,
				DB957CCC21F223E700E195D6 /* ActionsViewController.swift */,
				DB957CC621F1EF7600E195D6 /* MissionViewController.swift */,
				DB3BE4FA21F4EB9C00B7170F /* FullImageViewController.swift */,
				DB373E0F21FFB56900FE02E0 /* ContactViewController.swift */,
			);
			path = "about section";
			sourceTree = "<group>";
		};
		DB8EAB3A21F3D0D700E27F8D /* institution section */ = {
			isa = PBXGroup;
			children = (
				DB029F5A22061C890073A4E7 /* EventViewController.swift */,
				DB029F5B22061C890073A4E7 /* InformationViewController.swift */,
				DB029F5C22061C8A0073A4E7 /* InstitutionViewController.swift */,
				DB029F5D22061C8A0073A4E7 /* InstitutionsViewController.swift */,
				DB029F822207A3150073A4E7 /* InstitutionsDelegate.swift */,
				DB029F842207A3250073A4E7 /* InstitutionsPresenter.swift */,
			);
			name = "institution section";
			sourceTree = "<group>";
		};
		DB8EAB3B21F3D0EC00E27F8D /* match section */ = {
			isa = PBXGroup;
			children = (
				DB029F7A22061D070073A4E7 /* MatchViewController.swift */,
			);
			name = "match section";
			sourceTree = "<group>";
		};
		DBC6D71521FB38B200147097 /* synchronization */ = {
			isa = PBXGroup;
			children = (
				DBC6D71121FB1A5F00147097 /* SynchronizationService.swift */,
			);
			name = synchronization;
			sourceTree = "<group>";
		};
		DCA1837B7B6C1829D2B27F71 /* Pods */ = {
			isa = PBXGroup;
			children = (
				020FD9E9BEE73C8D9789E8E3 /* Pods-Blumenau Social.debug.xcconfig */,
				86BC7FF16659C3B5E43D29EE /* Pods-Blumenau Social.release.xcconfig */,
			);
			name = Pods;
			sourceTree = "<group>";
		};
/* End PBXGroup section */

/* Begin PBXNativeTarget section */
		DB2A7C1021F1065F00C60B32 /* Blumenau Social */ = {
			isa = PBXNativeTarget;
			buildConfigurationList = DB2A7C2521F1066200C60B32 /* Build configuration list for PBXNativeTarget "Blumenau Social" */;
			buildPhases = (
				A6A15F9875D834812B9193F6 /* [CP] Check Pods Manifest.lock */,
				DB2A7C0D21F1065F00C60B32 /* Sources */,
				DB2A7C0E21F1065F00C60B32 /* Frameworks */,
				DB2A7C0F21F1065F00C60B32 /* Resources */,
				1640D52F45849271ADFA154D /* [CP] Embed Pods Frameworks */,
			);
			buildRules = (
			);
			dependencies = (
			);
			name = "Blumenau Social";
			productName = "Blumenau Social";
			productReference = DB2A7C1121F1065F00C60B32 /* Blumenau Social.app */;
			productType = "com.apple.product-type.application";
		};
/* End PBXNativeTarget section */

/* Begin PBXProject section */
		DB2A7C0921F1065F00C60B32 /* Project object */ = {
			isa = PBXProject;
			attributes = {
				LastSwiftUpdateCheck = 1010;
				LastUpgradeCheck = 1010;
				ORGANIZATIONNAME = "Alan Filipe Cardozo Fabeni";
				TargetAttributes = {
					DB2A7C1021F1065F00C60B32 = {
						CreatedOnToolsVersion = 10.1;
					};
				};
			};
			buildConfigurationList = DB2A7C0C21F1065F00C60B32 /* Build configuration list for PBXProject "Blumenau Social" */;
			compatibilityVersion = "Xcode 9.3";
			developmentRegion = en;
			hasScannedForEncodings = 0;
			knownRegions = (
				en,
				Base,
			);
			mainGroup = DB2A7C0821F1065F00C60B32;
			productRefGroup = DB2A7C1221F1065F00C60B32 /* Products */;
			projectDirPath = "";
			projectRoot = "";
			targets = (
				DB2A7C1021F1065F00C60B32 /* Blumenau Social */,
			);
		};
/* End PBXProject section */

/* Begin PBXResourcesBuildPhase section */
		DB2A7C0F21F1065F00C60B32 /* Resources */ = {
			isa = PBXResourcesBuildPhase;
			buildActionMask = 2147483647;
			files = (
				DB2A7C2121F1066200C60B32 /* LaunchScreen.storyboard in Resources */,
				DB2A7C3521F15C8100C60B32 /* Localizable.strings in Resources */,
				DB2A7C1E21F1066200C60B32 /* Assets.xcassets in Resources */,
				DB2A7C1C21F1065F00C60B32 /* Main.storyboard in Resources */,
			);
			runOnlyForDeploymentPostprocessing = 0;
		};
/* End PBXResourcesBuildPhase section */

/* Begin PBXShellScriptBuildPhase section */
		1640D52F45849271ADFA154D /* [CP] Embed Pods Frameworks */ = {
			isa = PBXShellScriptBuildPhase;
			buildActionMask = 2147483647;
			files = (
			);
			inputFileListPaths = (
			);
			inputPaths = (
				"${SRCROOT}/Pods/Target Support Files/Pods-Blumenau Social/Pods-Blumenau Social-frameworks.sh",
				"${BUILT_PRODUCTS_DIR}/EasyTipView/EasyTipView.framework",
				"${BUILT_PRODUCTS_DIR}/IHKeyboardAvoiding/IHKeyboardAvoiding.framework",
				"${BUILT_PRODUCTS_DIR}/IQKeyboardManager/IQKeyboardManager.framework",
				"${BUILT_PRODUCTS_DIR}/JGProgressHUD/JGProgressHUD.framework",
				"${BUILT_PRODUCTS_DIR}/MSPeekCollectionViewDelegateImplementation/MSPeekCollectionViewDelegateImplementation.framework",
				"${BUILT_PRODUCTS_DIR}/Nuke/Nuke.framework",
				"${BUILT_PRODUCTS_DIR}/Realm/Realm.framework",
				"${BUILT_PRODUCTS_DIR}/RealmSwift/RealmSwift.framework",
			);
			name = "[CP] Embed Pods Frameworks";
			outputFileListPaths = (
			);
			outputPaths = (
				"${TARGET_BUILD_DIR}/${FRAMEWORKS_FOLDER_PATH}/EasyTipView.framework",
				"${TARGET_BUILD_DIR}/${FRAMEWORKS_FOLDER_PATH}/IHKeyboardAvoiding.framework",
				"${TARGET_BUILD_DIR}/${FRAMEWORKS_FOLDER_PATH}/IQKeyboardManager.framework",
				"${TARGET_BUILD_DIR}/${FRAMEWORKS_FOLDER_PATH}/JGProgressHUD.framework",
				"${TARGET_BUILD_DIR}/${FRAMEWORKS_FOLDER_PATH}/MSPeekCollectionViewDelegateImplementation.framework",
				"${TARGET_BUILD_DIR}/${FRAMEWORKS_FOLDER_PATH}/Nuke.framework",
				"${TARGET_BUILD_DIR}/${FRAMEWORKS_FOLDER_PATH}/Realm.framework",
				"${TARGET_BUILD_DIR}/${FRAMEWORKS_FOLDER_PATH}/RealmSwift.framework",
			);
			runOnlyForDeploymentPostprocessing = 0;
			shellPath = /bin/sh;
			shellScript = "\"${SRCROOT}/Pods/Target Support Files/Pods-Blumenau Social/Pods-Blumenau Social-frameworks.sh\"\n";
			showEnvVarsInLog = 0;
		};
		A6A15F9875D834812B9193F6 /* [CP] Check Pods Manifest.lock */ = {
			isa = PBXShellScriptBuildPhase;
			buildActionMask = 2147483647;
			files = (
			);
			inputFileListPaths = (
			);
			inputPaths = (
				"${PODS_PODFILE_DIR_PATH}/Podfile.lock",
				"${PODS_ROOT}/Manifest.lock",
			);
			name = "[CP] Check Pods Manifest.lock";
			outputFileListPaths = (
			);
			outputPaths = (
				"$(DERIVED_FILE_DIR)/Pods-Blumenau Social-checkManifestLockResult.txt",
			);
			runOnlyForDeploymentPostprocessing = 0;
			shellPath = /bin/sh;
			shellScript = "diff \"${PODS_PODFILE_DIR_PATH}/Podfile.lock\" \"${PODS_ROOT}/Manifest.lock\" > /dev/null\nif [ $? != 0 ] ; then\n    # print error to STDERR\n    echo \"error: The sandbox is not in sync with the Podfile.lock. Run 'pod install' or update your CocoaPods installation.\" >&2\n    exit 1\nfi\n# This output is used by Xcode 'outputs' to avoid re-running this script phase.\necho \"SUCCESS\" > \"${SCRIPT_OUTPUT_FILE_0}\"\n";
			showEnvVarsInLog = 0;
		};
/* End PBXShellScriptBuildPhase section */

/* Begin PBXSourcesBuildPhase section */
		DB2A7C0D21F1065F00C60B32 /* Sources */ = {
			isa = PBXSourcesBuildPhase;
			buildActionMask = 2147483647;
			files = (
				DB029F6A22061CA60073A4E7 /* ProfileInterestsViewController.swift in Sources */,
				DB029F7922061CF90073A4E7 /* Constants.swift in Sources */,
				DB029F7F22073C780073A4E7 /* UserRepository.swift in Sources */,
				DB029F7622061CF90073A4E7 /* CustomLayout.swift in Sources */,
				DB373E1021FFB56900FE02E0 /* ContactViewController.swift in Sources */,
				DB029F7822061CF90073A4E7 /* UIColor+Extension.swift in Sources */,
				DB029F5822061C6D0073A4E7 /* FilterCollectionViewCell.swift in Sources */,
				DBC6D71221FB1A5F00147097 /* SynchronizationService.swift in Sources */,
				DB3BE4FB21F4EB9C00B7170F /* FullImageViewController.swift in Sources */,
				DB029F7B22061D070073A4E7 /* MatchViewController.swift in Sources */,
				DB029F5722061C6D0073A4E7 /* InstitutionXCollectionViewCell.swift in Sources */,
				DB029F5422061C6D0073A4E7 /* InstitutionTableViewCell.swift in Sources */,
				DB029F6C22061CA60073A4E7 /* InitialProfileViewController.swift in Sources */,
				DB029F812207685B0073A4E7 /* Utils.swift in Sources */,
				DB2A7C1521F1065F00C60B32 /* AppDelegate.swift in Sources */,
				DB957CC821F1EF7600E195D6 /* MissionViewController.swift in Sources */,
				DB029F5222061C6D0073A4E7 /* AboutTableViewCell.swift in Sources */,
				DB029F852207A3250073A4E7 /* InstitutionsPresenter.swift in Sources */,
				DB029F5322061C6D0073A4E7 /* ActionImageCollectionViewCell.swift in Sources */,
				DB029F4822061C5D0073A4E7 /* FilterOptionsViewController.swift in Sources */,
				DB029F4922061C5D0073A4E7 /* FilterViewController.swift in Sources */,
				DB029F6D22061CA60073A4E7 /* ProfileAvailabilityViewController.swift in Sources */,
				DB2A7C2B21F115B500C60B32 /* AboutViewController.swift in Sources */,
				DB029F6522061C990073A4E7 /* FilterOptionsDB.swift in Sources */,
				DB029F5E22061C8A0073A4E7 /* EventViewController.swift in Sources */,
				DB029F5622061C6D0073A4E7 /* InstitutionCollectionViewCell.swift in Sources */,
				DB957CCD21F223E700E195D6 /* ActionsViewController.swift in Sources */,
				DB029F6B22061CA60073A4E7 /* ProfileNeighborhoodSelectionViewController.swift in Sources */,
				DB029F7122061CB20073A4E7 /* FilterOptionsRepository.swift in Sources */,
				DB029F5922061C6D0073A4E7 /* SeeMoreCollectionViewCell.swift in Sources */,
				DB029F6422061C990073A4E7 /* InstitutionDB.swift in Sources */,
				DB029F6122061C8A0073A4E7 /* InstitutionsViewController.swift in Sources */,
				DB029F5522061C6D0073A4E7 /* CauseCollectionViewCell.swift in Sources */,
				DB029F7022061CB20073A4E7 /* InstitutionRepository.swift in Sources */,
				DB029F832207A3150073A4E7 /* InstitutionsDelegate.swift in Sources */,
				DB029F7D22073BE10073A4E7 /* UserDB.swift in Sources */,
				DB029F5F22061C8A0073A4E7 /* InformationViewController.swift in Sources */,
				DB029F7722061CF90073A4E7 /* Preferences.swift in Sources */,
				DB029F6022061C8A0073A4E7 /* InstitutionViewController.swift in Sources */,
			);
			runOnlyForDeploymentPostprocessing = 0;
		};
/* End PBXSourcesBuildPhase section */

/* Begin PBXVariantGroup section */
		DB2A7C1A21F1065F00C60B32 /* Main.storyboard */ = {
			isa = PBXVariantGroup;
			children = (
				DB2A7C1B21F1065F00C60B32 /* Base */,
			);
			name = Main.storyboard;
			sourceTree = "<group>";
		};
		DB2A7C1F21F1066200C60B32 /* LaunchScreen.storyboard */ = {
			isa = PBXVariantGroup;
			children = (
				DB2A7C2021F1066200C60B32 /* Base */,
			);
			name = LaunchScreen.storyboard;
			sourceTree = "<group>";
		};
/* End PBXVariantGroup section */

/* Begin XCBuildConfiguration section */
		DB2A7C2321F1066200C60B32 /* Debug */ = {
			isa = XCBuildConfiguration;
			buildSettings = {
				ALWAYS_SEARCH_USER_PATHS = NO;
				CLANG_ANALYZER_NONNULL = YES;
				CLANG_ANALYZER_NUMBER_OBJECT_CONVERSION = YES_AGGRESSIVE;
				CLANG_CXX_LANGUAGE_STANDARD = "gnu++14";
				CLANG_CXX_LIBRARY = "libc++";
				CLANG_ENABLE_MODULES = YES;
				CLANG_ENABLE_OBJC_ARC = YES;
				CLANG_ENABLE_OBJC_WEAK = YES;
				CLANG_WARN_BLOCK_CAPTURE_AUTORELEASING = YES;
				CLANG_WARN_BOOL_CONVERSION = YES;
				CLANG_WARN_COMMA = YES;
				CLANG_WARN_CONSTANT_CONVERSION = YES;
				CLANG_WARN_DEPRECATED_OBJC_IMPLEMENTATIONS = YES;
				CLANG_WARN_DIRECT_OBJC_ISA_USAGE = YES_ERROR;
				CLANG_WARN_DOCUMENTATION_COMMENTS = YES;
				CLANG_WARN_EMPTY_BODY = YES;
				CLANG_WARN_ENUM_CONVERSION = YES;
				CLANG_WARN_INFINITE_RECURSION = YES;
				CLANG_WARN_INT_CONVERSION = YES;
				CLANG_WARN_NON_LITERAL_NULL_CONVERSION = YES;
				CLANG_WARN_OBJC_IMPLICIT_RETAIN_SELF = YES;
				CLANG_WARN_OBJC_LITERAL_CONVERSION = YES;
				CLANG_WARN_OBJC_ROOT_CLASS = YES_ERROR;
				CLANG_WARN_RANGE_LOOP_ANALYSIS = YES;
				CLANG_WARN_STRICT_PROTOTYPES = YES;
				CLANG_WARN_SUSPICIOUS_MOVE = YES;
				CLANG_WARN_UNGUARDED_AVAILABILITY = YES_AGGRESSIVE;
				CLANG_WARN_UNREACHABLE_CODE = YES;
				CLANG_WARN__DUPLICATE_METHOD_MATCH = YES;
				CODE_SIGN_IDENTITY = "iPhone Developer";
				COPY_PHASE_STRIP = NO;
				DEBUG_INFORMATION_FORMAT = dwarf;
				ENABLE_STRICT_OBJC_MSGSEND = YES;
				ENABLE_TESTABILITY = YES;
				GCC_C_LANGUAGE_STANDARD = gnu11;
				GCC_DYNAMIC_NO_PIC = NO;
				GCC_NO_COMMON_BLOCKS = YES;
				GCC_OPTIMIZATION_LEVEL = 0;
				GCC_PREPROCESSOR_DEFINITIONS = (
					"DEBUG=1",
					"$(inherited)",
				);
				GCC_WARN_64_TO_32_BIT_CONVERSION = YES;
				GCC_WARN_ABOUT_RETURN_TYPE = YES_ERROR;
				GCC_WARN_UNDECLARED_SELECTOR = YES;
				GCC_WARN_UNINITIALIZED_AUTOS = YES_AGGRESSIVE;
				GCC_WARN_UNUSED_FUNCTION = YES;
				GCC_WARN_UNUSED_VARIABLE = YES;
				IPHONEOS_DEPLOYMENT_TARGET = 12.1;
				MTL_ENABLE_DEBUG_INFO = INCLUDE_SOURCE;
				MTL_FAST_MATH = YES;
				ONLY_ACTIVE_ARCH = YES;
				SDKROOT = iphoneos;
				SWIFT_ACTIVE_COMPILATION_CONDITIONS = DEBUG;
				SWIFT_OPTIMIZATION_LEVEL = "-Onone";
			};
			name = Debug;
		};
		DB2A7C2421F1066200C60B32 /* Release */ = {
			isa = XCBuildConfiguration;
			buildSettings = {
				ALWAYS_SEARCH_USER_PATHS = NO;
				CLANG_ANALYZER_NONNULL = YES;
				CLANG_ANALYZER_NUMBER_OBJECT_CONVERSION = YES_AGGRESSIVE;
				CLANG_CXX_LANGUAGE_STANDARD = "gnu++14";
				CLANG_CXX_LIBRARY = "libc++";
				CLANG_ENABLE_MODULES = YES;
				CLANG_ENABLE_OBJC_ARC = YES;
				CLANG_ENABLE_OBJC_WEAK = YES;
				CLANG_WARN_BLOCK_CAPTURE_AUTORELEASING = YES;
				CLANG_WARN_BOOL_CONVERSION = YES;
				CLANG_WARN_COMMA = YES;
				CLANG_WARN_CONSTANT_CONVERSION = YES;
				CLANG_WARN_DEPRECATED_OBJC_IMPLEMENTATIONS = YES;
				CLANG_WARN_DIRECT_OBJC_ISA_USAGE = YES_ERROR;
				CLANG_WARN_DOCUMENTATION_COMMENTS = YES;
				CLANG_WARN_EMPTY_BODY = YES;
				CLANG_WARN_ENUM_CONVERSION = YES;
				CLANG_WARN_INFINITE_RECURSION = YES;
				CLANG_WARN_INT_CONVERSION = YES;
				CLANG_WARN_NON_LITERAL_NULL_CONVERSION = YES;
				CLANG_WARN_OBJC_IMPLICIT_RETAIN_SELF = YES;
				CLANG_WARN_OBJC_LITERAL_CONVERSION = YES;
				CLANG_WARN_OBJC_ROOT_CLASS = YES_ERROR;
				CLANG_WARN_RANGE_LOOP_ANALYSIS = YES;
				CLANG_WARN_STRICT_PROTOTYPES = YES;
				CLANG_WARN_SUSPICIOUS_MOVE = YES;
				CLANG_WARN_UNGUARDED_AVAILABILITY = YES_AGGRESSIVE;
				CLANG_WARN_UNREACHABLE_CODE = YES;
				CLANG_WARN__DUPLICATE_METHOD_MATCH = YES;
				CODE_SIGN_IDENTITY = "iPhone Developer";
				COPY_PHASE_STRIP = NO;
				DEBUG_INFORMATION_FORMAT = "dwarf-with-dsym";
				ENABLE_NS_ASSERTIONS = NO;
				ENABLE_STRICT_OBJC_MSGSEND = YES;
				GCC_C_LANGUAGE_STANDARD = gnu11;
				GCC_NO_COMMON_BLOCKS = YES;
				GCC_WARN_64_TO_32_BIT_CONVERSION = YES;
				GCC_WARN_ABOUT_RETURN_TYPE = YES_ERROR;
				GCC_WARN_UNDECLARED_SELECTOR = YES;
				GCC_WARN_UNINITIALIZED_AUTOS = YES_AGGRESSIVE;
				GCC_WARN_UNUSED_FUNCTION = YES;
				GCC_WARN_UNUSED_VARIABLE = YES;
				IPHONEOS_DEPLOYMENT_TARGET = 12.1;
				MTL_ENABLE_DEBUG_INFO = NO;
				MTL_FAST_MATH = YES;
				SDKROOT = iphoneos;
				SWIFT_COMPILATION_MODE = wholemodule;
				SWIFT_OPTIMIZATION_LEVEL = "-O";
				VALIDATE_PRODUCT = YES;
			};
			name = Release;
		};
		DB2A7C2621F1066200C60B32 /* Debug */ = {
			isa = XCBuildConfiguration;
			baseConfigurationReference = 020FD9E9BEE73C8D9789E8E3 /* Pods-Blumenau Social.debug.xcconfig */;
			buildSettings = {
				ASSETCATALOG_COMPILER_APPICON_NAME = AppIcon;
				CODE_SIGN_STYLE = Automatic;
				DEVELOPMENT_TEAM = 5YYDNJLU64;
				INFOPLIST_FILE = "Blumenau Social/Info.plist";
				IPHONEOS_DEPLOYMENT_TARGET = 12.0;
				LD_RUNPATH_SEARCH_PATHS = (
					"$(inherited)",
					"@executable_path/Frameworks",
				);
				PRODUCT_BUNDLE_IDENTIFIER = "com.fabeni.Blumenau-Social";
				PRODUCT_NAME = "$(TARGET_NAME)";
				SWIFT_VERSION = 4.2;
				TARGETED_DEVICE_FAMILY = "1,2";
			};
			name = Debug;
		};
		DB2A7C2721F1066200C60B32 /* Release */ = {
			isa = XCBuildConfiguration;
			baseConfigurationReference = 86BC7FF16659C3B5E43D29EE /* Pods-Blumenau Social.release.xcconfig */;
			buildSettings = {
				ASSETCATALOG_COMPILER_APPICON_NAME = AppIcon;
				CODE_SIGN_STYLE = Automatic;
				DEVELOPMENT_TEAM = 5YYDNJLU64;
				INFOPLIST_FILE = "Blumenau Social/Info.plist";
				IPHONEOS_DEPLOYMENT_TARGET = 12.0;
				LD_RUNPATH_SEARCH_PATHS = (
					"$(inherited)",
					"@executable_path/Frameworks",
				);
				PRODUCT_BUNDLE_IDENTIFIER = "com.fabeni.Blumenau-Social";
				PRODUCT_NAME = "$(TARGET_NAME)";
				SWIFT_VERSION = 4.2;
				TARGETED_DEVICE_FAMILY = "1,2";
			};
			name = Release;
		};
/* End XCBuildConfiguration section */

/* Begin XCConfigurationList section */
		DB2A7C0C21F1065F00C60B32 /* Build configuration list for PBXProject "Blumenau Social" */ = {
			isa = XCConfigurationList;
			buildConfigurations = (
				DB2A7C2321F1066200C60B32 /* Debug */,
				DB2A7C2421F1066200C60B32 /* Release */,
			);
			defaultConfigurationIsVisible = 0;
			defaultConfigurationName = Release;
		};
		DB2A7C2521F1066200C60B32 /* Build configuration list for PBXNativeTarget "Blumenau Social" */ = {
			isa = XCConfigurationList;
			buildConfigurations = (
				DB2A7C2621F1066200C60B32 /* Debug */,
				DB2A7C2721F1066200C60B32 /* Release */,
			);
			defaultConfigurationIsVisible = 0;
			defaultConfigurationName = Release;
		};
/* End XCConfigurationList section */
	};
	rootObject = DB2A7C0921F1065F00C60B32 /* Project object */;
}
